
Microsoft Visual Studio Solution File, Format Version 12.00
# Visual Studio 15
VisualStudioVersion = 15.0.27703.2035
MinimumVisualStudioVersion = 10.0.40219.1
Project("{9A19103F-16F7-4668-BE54-9A1E7A4F7556}") = "Learning", "Learning\Learning.csproj", "{B95E8A2C-A10A-4BC5-9F87-74738AA6A6E1}"
EndProject
Project("{9A19103F-16F7-4668-BE54-9A1E7A4F7556}") = "NetCoreApp", "NetCoreApp\NetCoreApp.csproj", "{4DAF3C63-8D56-498C-A62E-749A5A478E87}"
EndProject
Project("{9A19103F-16F7-4668-BE54-9A1E7A4F7556}") = "Common", "Common\Common.csproj", "{3E8D9679-B09D-44A2-9C57-A11DFA9DD709}"
EndProject
Global
	GlobalSection(SolutionConfigurationPlatforms) = preSolution
		Debug|Any CPU = Debug|Any CPU
		Release|Any CPU = Release|Any CPU
	EndGlobalSection
	GlobalSection(ProjectConfigurationPlatforms) = postSolution
		{B95E8A2C-A10A-4BC5-9F87-74738AA6A6E1}.Debug|Any CPU.ActiveCfg = Debug|Any CPU
		{B95E8A2C-A10A-4BC5-9F87-74738AA6A6E1}.Debug|Any CPU.Build.0 = Debug|Any CPU
		{B95E8A2C-A10A-4BC5-9F87-74738AA6A6E1}.Release|Any CPU.ActiveCfg = Release|Any CPU
		{B95E8A2C-A10A-4BC5-9F87-74738AA6A6E1}.Release|Any CPU.Build.0 = Release|Any CPU
		{4DAF3C63-8D56-498C-A62E-749A5A478E87}.Debug|Any CPU.ActiveCfg = Debug|Any CPU
		{4DAF3C63-8D56-498C-A62E-749A5A478E87}.Debug|Any CPU.Build.0 = Debug|Any CPU
		{4DAF3C63-8D56-498C-A62E-749A5A478E87}.Release|Any CPU.ActiveCfg = Release|Any CPU
		{4DAF3C63-8D56-498C-A62E-749A5A478E87}.Release|Any CPU.Build.0 = Release|Any CPU
		{3E8D9679-B09D-44A2-9C57-A11DFA9DD709}.Debug|Any CPU.ActiveCfg = Debug|Any CPU
		{3E8D9679-B09D-44A2-9C57-A11DFA9DD709}.Debug|Any CPU.Build.0 = Debug|Any CPU
		{3E8D9679-B09D-44A2-9C57-A11DFA9DD709}.Release|Any CPU.ActiveCfg = Release|Any CPU
		{3E8D9679-B09D-44A2-9C57-A11DFA9DD709}.Release|Any CPU.Build.0 = Release|Any CPU
	EndGlobalSection
	GlobalSection(SolutionProperties) = preSolution
		HideSolutionNode = FALSE
	EndGlobalSection
	GlobalSection(ExtensibilityGlobals) = postSolution
		SolutionGuid = {883DCE81-C2B2-4FD4-9AC9-73DA3BBED665}
	EndGlobalSection
EndGlobal
